
Microsoft Visual Studio Solution File, Format Version 12.00
# Visual Studio 15
VisualStudioVersion = 15.0.28307.271
MinimumVisualStudioVersion = 10.0.40219.1
Project("{FAE04EC0-301F-11D3-BF4B-00C04F79EFBC}") = "Temperature_conversion", "Temperature_conversion\Temperature_conversion.csproj", "{1C8DC7CD-B633-4118-8070-3544F86F18D3}"
EndProject
Global
	GlobalSection(SolutionConfigurationPlatforms) = preSolution
		Debug|Any CPU = Debug|Any CPU
		Release|Any CPU = Release|Any CPU
	EndGlobalSection
	GlobalSection(ProjectConfigurationPlatforms) = postSolution
		{1C8DC7CD-B633-4118-8070-3544F86F18D3}.Debug|Any CPU.ActiveCfg = Debug|Any CPU
		{1C8DC7CD-B633-4118-8070-3544F86F18D3}.Debug|Any CPU.Build.0 = Debug|Any CPU
		{1C8DC7CD-B633-4118-8070-3544F86F18D3}.Release|Any CPU.ActiveCfg = Release|Any CPU
		{1C8DC7CD-B633-4118-8070-3544F86F18D3}.Release|Any CPU.Build.0 = Release|Any CPU
	EndGlobalSection
	GlobalSection(SolutionProperties) = preSolution
		HideSolutionNode = FALSE
	EndGlobalSection
	GlobalSection(ExtensibilityGlobals) = postSolution
		SolutionGuid = {95DE8678-41D3-4AFE-863C-D7598E420BF4}
	EndGlobalSection
EndGlobal
